
Microsoft Visual Studio Solution File, Format Version 12.00
# Visual Studio Version 16
VisualStudioVersion = 16.0.30907.101
MinimumVisualStudioVersion = 10.0.40219.1
Project("{9A19103F-16F7-4668-BE54-9A1E7A4F7556}") = "DataAccess", "DataAccess\DataAccess.csproj", "{BC2B679A-A44E-4C58-9D16-63A2D8E63D0A}"
EndProject
Project("{9A19103F-16F7-4668-BE54-9A1E7A4F7556}") = "Business", "Business\Business.csproj", "{D11B2488-5B6F-46AD-A82A-B79FEB58914A}"
EndProject
Project("{9A19103F-16F7-4668-BE54-9A1E7A4F7556}") = "Entities", "Entities\Entities.csproj", "{76D40342-CF71-465B-9239-6412CD498FE6}"
EndProject
Project("{9A19103F-16F7-4668-BE54-9A1E7A4F7556}") = "ConsoleUI", "ConsoleUI\ConsoleUI.csproj", "{D6EBE68E-316A-4671-A480-2B13DFBA77F0}"
EndProject
Project("{FAE04EC0-301F-11D3-BF4B-00C04F79EFBC}") = "Core", "Core\Core.csproj", "{694783F8-8629-465B-9CAE-880D4A55CAA3}"
EndProject
Global
	GlobalSection(SolutionConfigurationPlatforms) = preSolution
		Debug|Any CPU = Debug|Any CPU
		Release|Any CPU = Release|Any CPU
	EndGlobalSection
	GlobalSection(ProjectConfigurationPlatforms) = postSolution
		{BC2B679A-A44E-4C58-9D16-63A2D8E63D0A}.Debug|Any CPU.ActiveCfg = Debug|Any CPU
		{BC2B679A-A44E-4C58-9D16-63A2D8E63D0A}.Debug|Any CPU.Build.0 = Debug|Any CPU
		{BC2B679A-A44E-4C58-9D16-63A2D8E63D0A}.Release|Any CPU.ActiveCfg = Release|Any CPU
		{BC2B679A-A44E-4C58-9D16-63A2D8E63D0A}.Release|Any CPU.Build.0 = Release|Any CPU
		{D11B2488-5B6F-46AD-A82A-B79FEB58914A}.Debug|Any CPU.ActiveCfg = Debug|Any CPU
		{D11B2488-5B6F-46AD-A82A-B79FEB58914A}.Debug|Any CPU.Build.0 = Debug|Any CPU
		{D11B2488-5B6F-46AD-A82A-B79FEB58914A}.Release|Any CPU.ActiveCfg = Release|Any CPU
		{D11B2488-5B6F-46AD-A82A-B79FEB58914A}.Release|Any CPU.Build.0 = Release|Any CPU
		{76D40342-CF71-465B-9239-6412CD498FE6}.Debug|Any CPU.ActiveCfg = Debug|Any CPU
		{76D40342-CF71-465B-9239-6412CD498FE6}.Debug|Any CPU.Build.0 = Debug|Any CPU
		{76D40342-CF71-465B-9239-6412CD498FE6}.Release|Any CPU.ActiveCfg = Release|Any CPU
		{76D40342-CF71-465B-9239-6412CD498FE6}.Release|Any CPU.Build.0 = Release|Any CPU
		{D6EBE68E-316A-4671-A480-2B13DFBA77F0}.Debug|Any CPU.ActiveCfg = Debug|Any CPU
		{D6EBE68E-316A-4671-A480-2B13DFBA77F0}.Debug|Any CPU.Build.0 = Debug|Any CPU
		{D6EBE68E-316A-4671-A480-2B13DFBA77F0}.Release|Any CPU.ActiveCfg = Release|Any CPU
		{D6EBE68E-316A-4671-A480-2B13DFBA77F0}.Release|Any CPU.Build.0 = Release|Any CPU
		{694783F8-8629-465B-9CAE-880D4A55CAA3}.Debug|Any CPU.ActiveCfg = Debug|Any CPU
		{694783F8-8629-465B-9CAE-880D4A55CAA3}.Debug|Any CPU.Build.0 = Debug|Any CPU
		{694783F8-8629-465B-9CAE-880D4A55CAA3}.Release|Any CPU.ActiveCfg = Release|Any CPU
		{694783F8-8629-465B-9CAE-880D4A55CAA3}.Release|Any CPU.Build.0 = Release|Any CPU
	EndGlobalSection
	GlobalSection(SolutionProperties) = preSolution
		HideSolutionNode = FALSE
	EndGlobalSection
	GlobalSection(ExtensibilityGlobals) = postSolution
		SolutionGuid = {BEE5BA85-1A91-4B1A-AADC-4D5015F6F716}
	EndGlobalSection
EndGlobal
